
Microsoft Visual Studio Solution File, Format Version 12.00
# Visual Studio 15
VisualStudioVersion = 15.0.28010.2026
MinimumVisualStudioVersion = 10.0.40219.1
Project("{9A19103F-16F7-4668-BE54-9A1E7A4F7556}") = "PE1.LefeverJenten.Web", "PE1.LefeverJenten.Web\PE1.LefeverJenten.Web.csproj", "{0BD4FB9F-DFE5-4BF9-9620-1394F10EB2D1}"
EndProject
Project("{FAE04EC0-301F-11D3-BF4B-00C04F79EFBC}") = "PE1.LefeverJenten.Lib", "PE1.LefeverJenten.Lib\PE1.LefeverJenten.Lib.csproj", "{C1771CB3-D0B6-4FC6-AC82-39A3D0C18DE2}"
EndProject
Global
	GlobalSection(SolutionConfigurationPlatforms) = preSolution
		Debug|Any CPU = Debug|Any CPU
		Release|Any CPU = Release|Any CPU
	EndGlobalSection
	GlobalSection(ProjectConfigurationPlatforms) = postSolution
		{0BD4FB9F-DFE5-4BF9-9620-1394F10EB2D1}.Debug|Any CPU.ActiveCfg = Debug|Any CPU
		{0BD4FB9F-DFE5-4BF9-9620-1394F10EB2D1}.Debug|Any CPU.Build.0 = Debug|Any CPU
		{0BD4FB9F-DFE5-4BF9-9620-1394F10EB2D1}.Release|Any CPU.ActiveCfg = Release|Any CPU
		{0BD4FB9F-DFE5-4BF9-9620-1394F10EB2D1}.Release|Any CPU.Build.0 = Release|Any CPU
		{C1771CB3-D0B6-4FC6-AC82-39A3D0C18DE2}.Debug|Any CPU.ActiveCfg = Debug|Any CPU
		{C1771CB3-D0B6-4FC6-AC82-39A3D0C18DE2}.Debug|Any CPU.Build.0 = Debug|Any CPU
		{C1771CB3-D0B6-4FC6-AC82-39A3D0C18DE2}.Release|Any CPU.ActiveCfg = Release|Any CPU
		{C1771CB3-D0B6-4FC6-AC82-39A3D0C18DE2}.Release|Any CPU.Build.0 = Release|Any CPU
	EndGlobalSection
	GlobalSection(SolutionProperties) = preSolution
		HideSolutionNode = FALSE
	EndGlobalSection
	GlobalSection(ExtensibilityGlobals) = postSolution
		SolutionGuid = {E4A8A33B-F717-42E2-BFFA-8506816703D1}
	EndGlobalSection
EndGlobal
